// !$*UTF8*$!
{
	archiveVersion = 1;
	classes = {
	};
	objectVersion = 46;
	objects = {

/* Begin PBXBuildFile section */
		738B36AB1C1D9084000D5552 /* CreateStore.swift in Sources */ = {isa = PBXBuildFile; fileRef = BCE2FDA31BF0995C00D791AD /* CreateStore.swift */; };
		738B36AC1C1D9084000D5552 /* CreateStore.swift in Sources */ = {isa = PBXBuildFile; fileRef = BCE2FDA31BF0995C00D791AD /* CreateStore.swift */; };
		738B36AF1C1D9C07000D5552 /* CreateTypedStore.swift in Sources */ = {isa = PBXBuildFile; fileRef = 738B36AE1C1D9C07000D5552 /* CreateTypedStore.swift */; };
		738B36B01C1D9C07000D5552 /* CreateTypedStore.swift in Sources */ = {isa = PBXBuildFile; fileRef = 738B36AE1C1D9C07000D5552 /* CreateTypedStore.swift */; };
		BC0036931BFDDF2B00A3071A /* Reducer.swift in Sources */ = {isa = PBXBuildFile; fileRef = BC0036921BFDDF2B00A3071A /* Reducer.swift */; };
		BC0036941BFDDF4700A3071A /* Reducer.swift in Sources */ = {isa = PBXBuildFile; fileRef = BC0036921BFDDF2B00A3071A /* Reducer.swift */; };
		BC28F8D21BEB9566000B5587 /* State.swift in Sources */ = {isa = PBXBuildFile; fileRef = BC28F8D11BEB9566000B5587 /* State.swift */; };
		BC356F811BF1401A001466FC /* BindActionCreators.swift in Sources */ = {isa = PBXBuildFile; fileRef = BC356F801BF1401A001466FC /* BindActionCreators.swift */; };
		BC356F821BF1413D001466FC /* BindActionCreators.swift in Sources */ = {isa = PBXBuildFile; fileRef = BC356F801BF1401A001466FC /* BindActionCreators.swift */; };
		BC356F841BF14180001466FC /* BindActionCreatorsSpec.swift in Sources */ = {isa = PBXBuildFile; fileRef = BC356F831BF14180001466FC /* BindActionCreatorsSpec.swift */; };
		BC356F861BF15D4F001466FC /* Compose.swift in Sources */ = {isa = PBXBuildFile; fileRef = BC356F851BF15D4F001466FC /* Compose.swift */; };
		BC356F871BF165F2001466FC /* Compose.swift in Sources */ = {isa = PBXBuildFile; fileRef = BC356F851BF15D4F001466FC /* Compose.swift */; };
		BC51BC4D1BEBE86D008AFB00 /* State.swift in Sources */ = {isa = PBXBuildFile; fileRef = BC28F8D11BEB9566000B5587 /* State.swift */; };
		BC51BC501BEBFA70008AFB00 /* Mocks.swift in Sources */ = {isa = PBXBuildFile; fileRef = BC51BC4F1BEBFA70008AFB00 /* Mocks.swift */; };
		BC51BC551BECA6CC008AFB00 /* CreateStoreSpec.swift in Sources */ = {isa = PBXBuildFile; fileRef = BC51BC541BECA6CC008AFB00 /* CreateStoreSpec.swift */; };
		BC7BDFD81BF4A84000C7DAD3 /* ActionTypeSpec.swift in Sources */ = {isa = PBXBuildFile; fileRef = BC7BDFD71BF4A84000C7DAD3 /* ActionTypeSpec.swift */; };
		BC9F52B91BF00A9D002C2540 /* Nimble.framework in Frameworks */ = {isa = PBXBuildFile; fileRef = BC0588241BEF85BA00F2F4BF /* Nimble.framework */; };
		BC9F52BA1BF00A9D002C2540 /* Quick.framework in Frameworks */ = {isa = PBXBuildFile; fileRef = BC0588251BEF85BA00F2F4BF /* Quick.framework */; };
		BCE259521BE912AE00424F65 /* SwiftRedux.h in Headers */ = {isa = PBXBuildFile; fileRef = BCE259511BE912AE00424F65 /* SwiftRedux.h */; settings = {ATTRIBUTES = (Public, ); }; };
		BCE259591BE912AF00424F65 /* SwiftRedux.framework in Frameworks */ = {isa = PBXBuildFile; fileRef = BCE2594E1BE912AE00424F65 /* SwiftRedux.framework */; };
		BCE2596F1BE914DF00424F65 /* Action.swift in Sources */ = {isa = PBXBuildFile; fileRef = BCE2596E1BE914DF00424F65 /* Action.swift */; };
		BCE259701BE914DF00424F65 /* Action.swift in Sources */ = {isa = PBXBuildFile; fileRef = BCE2596E1BE914DF00424F65 /* Action.swift */; };
		BCE259721BE915A700424F65 /* Store.swift in Sources */ = {isa = PBXBuildFile; fileRef = BCE259711BE915A700424F65 /* Store.swift */; };
		BCE259731BE915A700424F65 /* Store.swift in Sources */ = {isa = PBXBuildFile; fileRef = BCE259711BE915A700424F65 /* Store.swift */; };
		BCE2FDAA1BF0A61200D791AD /* ApplyMiddlewares.swift in Sources */ = {isa = PBXBuildFile; fileRef = BCE2FDA91BF0A61200D791AD /* ApplyMiddlewares.swift */; };
		BCE2FDAB1BF0A61200D791AD /* ApplyMiddlewares.swift in Sources */ = {isa = PBXBuildFile; fileRef = BCE2FDA91BF0A61200D791AD /* ApplyMiddlewares.swift */; };
		BCE9BB9E1BF203130088AABE /* ApplyMiddlewaresSpec.swift in Sources */ = {isa = PBXBuildFile; fileRef = BCE9BB9D1BF203130088AABE /* ApplyMiddlewaresSpec.swift */; };
/* End PBXBuildFile section */

/* Begin PBXContainerItemProxy section */
		BCE2595A1BE912AF00424F65 /* PBXContainerItemProxy */ = {
			isa = PBXContainerItemProxy;
			containerPortal = BCE259451BE912AE00424F65 /* Project object */;
			proxyType = 1;
			remoteGlobalIDString = BCE2594D1BE912AE00424F65;
			remoteInfo = SwiftRedux;
		};
/* End PBXContainerItemProxy section */

/* Begin PBXFileReference section */
		738B36AE1C1D9C07000D5552 /* CreateTypedStore.swift */ = {isa = PBXFileReference; fileEncoding = 4; lastKnownFileType = sourcecode.swift; path = CreateTypedStore.swift; sourceTree = "<group>"; };
		BC0036921BFDDF2B00A3071A /* Reducer.swift */ = {isa = PBXFileReference; fileEncoding = 4; lastKnownFileType = sourcecode.swift; path = Reducer.swift; sourceTree = "<group>"; };
		BC0588241BEF85BA00F2F4BF /* Nimble.framework */ = {isa = PBXFileReference; lastKnownFileType = wrapper.framework; name = Nimble.framework; path = Carthage/Build/iOS/Nimble.framework; sourceTree = "<group>"; };
		BC0588251BEF85BA00F2F4BF /* Quick.framework */ = {isa = PBXFileReference; lastKnownFileType = wrapper.framework; name = Quick.framework; path = Carthage/Build/iOS/Quick.framework; sourceTree = "<group>"; };
		BC28F8D11BEB9566000B5587 /* State.swift */ = {isa = PBXFileReference; fileEncoding = 4; lastKnownFileType = sourcecode.swift; path = State.swift; sourceTree = "<group>"; };
		BC356F801BF1401A001466FC /* BindActionCreators.swift */ = {isa = PBXFileReference; fileEncoding = 4; lastKnownFileType = sourcecode.swift; path = BindActionCreators.swift; sourceTree = "<group>"; };
		BC356F831BF14180001466FC /* BindActionCreatorsSpec.swift */ = {isa = PBXFileReference; fileEncoding = 4; lastKnownFileType = sourcecode.swift; path = BindActionCreatorsSpec.swift; sourceTree = "<group>"; };
		BC356F851BF15D4F001466FC /* Compose.swift */ = {isa = PBXFileReference; fileEncoding = 4; lastKnownFileType = sourcecode.swift; path = Compose.swift; sourceTree = "<group>"; };
		BC51BC4F1BEBFA70008AFB00 /* Mocks.swift */ = {isa = PBXFileReference; fileEncoding = 4; lastKnownFileType = sourcecode.swift; path = Mocks.swift; sourceTree = "<group>"; };
		BC51BC541BECA6CC008AFB00 /* CreateStoreSpec.swift */ = {isa = PBXFileReference; fileEncoding = 4; lastKnownFileType = sourcecode.swift; path = CreateStoreSpec.swift; sourceTree = "<group>"; };
		BC7BDFD71BF4A84000C7DAD3 /* ActionTypeSpec.swift */ = {isa = PBXFileReference; fileEncoding = 4; lastKnownFileType = sourcecode.swift; path = ActionTypeSpec.swift; sourceTree = "<group>"; };
		BC97D47A1BECDFD1002FE39C /* Build */ = {isa = PBXFileReference; lastKnownFileType = folder; name = Build; path = Carthage/Build; sourceTree = "<group>"; };
		BCE2594E1BE912AE00424F65 /* SwiftRedux.framework */ = {isa = PBXFileReference; explicitFileType = wrapper.framework; includeInIndex = 0; path = SwiftRedux.framework; sourceTree = BUILT_PRODUCTS_DIR; };
		BCE259511BE912AE00424F65 /* SwiftRedux.h */ = {isa = PBXFileReference; lastKnownFileType = sourcecode.c.h; path = SwiftRedux.h; sourceTree = "<group>"; };
		BCE259531BE912AE00424F65 /* Info.plist */ = {isa = PBXFileReference; lastKnownFileType = text.plist.xml; path = Info.plist; sourceTree = "<group>"; };
		BCE259581BE912AF00424F65 /* SwiftReduxTests.xctest */ = {isa = PBXFileReference; explicitFileType = wrapper.cfbundle; includeInIndex = 0; path = SwiftReduxTests.xctest; sourceTree = BUILT_PRODUCTS_DIR; };
		BCE2595F1BE912AF00424F65 /* Info.plist */ = {isa = PBXFileReference; lastKnownFileType = text.plist.xml; path = Info.plist; sourceTree = "<group>"; };
		BCE2596E1BE914DF00424F65 /* Action.swift */ = {isa = PBXFileReference; fileEncoding = 4; lastKnownFileType = sourcecode.swift; path = Action.swift; sourceTree = "<group>"; };
		BCE259711BE915A700424F65 /* Store.swift */ = {isa = PBXFileReference; fileEncoding = 4; lastKnownFileType = sourcecode.swift; path = Store.swift; sourceTree = "<group>"; };
		BCE2FDA31BF0995C00D791AD /* CreateStore.swift */ = {isa = PBXFileReference; fileEncoding = 4; lastKnownFileType = sourcecode.swift; path = CreateStore.swift; sourceTree = "<group>"; };
		BCE2FDA91BF0A61200D791AD /* ApplyMiddlewares.swift */ = {isa = PBXFileReference; fileEncoding = 4; lastKnownFileType = sourcecode.swift; path = ApplyMiddlewares.swift; sourceTree = "<group>"; };
		BCE9BB9D1BF203130088AABE /* ApplyMiddlewaresSpec.swift */ = {isa = PBXFileReference; fileEncoding = 4; lastKnownFileType = sourcecode.swift; path = ApplyMiddlewaresSpec.swift; sourceTree = "<group>"; };
/* End PBXFileReference section */

/* Begin PBXFrameworksBuildPhase section */
		BCE2594A1BE912AE00424F65 /* Frameworks */ = {
			isa = PBXFrameworksBuildPhase;
			buildActionMask = 2147483647;
			files = (
			);
			runOnlyForDeploymentPostprocessing = 0;
		};
		BCE259551BE912AF00424F65 /* Frameworks */ = {
			isa = PBXFrameworksBuildPhase;
			buildActionMask = 2147483647;
			files = (
				BC9F52B91BF00A9D002C2540 /* Nimble.framework in Frameworks */,
				BC9F52BA1BF00A9D002C2540 /* Quick.framework in Frameworks */,
				BCE259591BE912AF00424F65 /* SwiftRedux.framework in Frameworks */,
			);
			runOnlyForDeploymentPostprocessing = 0;
		};
/* End PBXFrameworksBuildPhase section */

/* Begin PBXGroup section */
		BCE259441BE912AE00424F65 = {
			isa = PBXGroup;
			children = (
				BC0588241BEF85BA00F2F4BF /* Nimble.framework */,
				BC0588251BEF85BA00F2F4BF /* Quick.framework */,
				BC97D47A1BECDFD1002FE39C /* Build */,
				BCE259501BE912AE00424F65 /* SwiftRedux */,
				BCE2595C1BE912AF00424F65 /* SwiftReduxTests */,
				BCE2594F1BE912AE00424F65 /* Products */,
			);
			sourceTree = "<group>";
		};
		BCE2594F1BE912AE00424F65 /* Products */ = {
			isa = PBXGroup;
			children = (
				BCE2594E1BE912AE00424F65 /* SwiftRedux.framework */,
				BCE259581BE912AF00424F65 /* SwiftReduxTests.xctest */,
			);
			name = Products;
			sourceTree = "<group>";
		};
		BCE259501BE912AE00424F65 /* SwiftRedux */ = {
			isa = PBXGroup;
			children = (
				BCE259511BE912AE00424F65 /* SwiftRedux.h */,
				BCE259531BE912AE00424F65 /* Info.plist */,
				BCE2596E1BE914DF00424F65 /* Action.swift */,
				BCE2FDA91BF0A61200D791AD /* ApplyMiddlewares.swift */,
				BC356F801BF1401A001466FC /* BindActionCreators.swift */,
				BC356F851BF15D4F001466FC /* Compose.swift */,
				BCE2FDA31BF0995C00D791AD /* CreateStore.swift */,
				738B36AE1C1D9C07000D5552 /* CreateTypedStore.swift */,
				BC0036921BFDDF2B00A3071A /* Reducer.swift */,
				BC28F8D11BEB9566000B5587 /* State.swift */,
				BCE259711BE915A700424F65 /* Store.swift */,
			);
			path = SwiftRedux;
			sourceTree = "<group>";
		};
		BCE2595C1BE912AF00424F65 /* SwiftReduxTests */ = {
			isa = PBXGroup;
			children = (
				BCE2595F1BE912AF00424F65 /* Info.plist */,
				BC7BDFD71BF4A84000C7DAD3 /* ActionTypeSpec.swift */,
				BCE9BB9D1BF203130088AABE /* ApplyMiddlewaresSpec.swift */,
				BC356F831BF14180001466FC /* BindActionCreatorsSpec.swift */,
				BC51BC541BECA6CC008AFB00 /* CreateStoreSpec.swift */,
				BC51BC4F1BEBFA70008AFB00 /* Mocks.swift */,
			);
			path = SwiftReduxTests;
			sourceTree = "<group>";
		};
/* End PBXGroup section */

/* Begin PBXHeadersBuildPhase section */
		BCE2594B1BE912AE00424F65 /* Headers */ = {
			isa = PBXHeadersBuildPhase;
			buildActionMask = 2147483647;
			files = (
				BCE259521BE912AE00424F65 /* SwiftRedux.h in Headers */,
			);
			runOnlyForDeploymentPostprocessing = 0;
		};
/* End PBXHeadersBuildPhase section */

/* Begin PBXNativeTarget section */
		BCE2594D1BE912AE00424F65 /* SwiftRedux */ = {
			isa = PBXNativeTarget;
			buildConfigurationList = BCE259621BE912AF00424F65 /* Build configuration list for PBXNativeTarget "SwiftRedux" */;
			buildPhases = (
				BCE259491BE912AE00424F65 /* Sources */,
				BCE2594A1BE912AE00424F65 /* Frameworks */,
				BCE2594B1BE912AE00424F65 /* Headers */,
				BCE2594C1BE912AE00424F65 /* Resources */,
			);
			buildRules = (
			);
			dependencies = (
			);
			name = SwiftRedux;
			productName = SwiftRedux;
			productReference = BCE2594E1BE912AE00424F65 /* SwiftRedux.framework */;
			productType = "com.apple.product-type.framework";
		};
		BCE259571BE912AF00424F65 /* SwiftReduxTests */ = {
			isa = PBXNativeTarget;
			buildConfigurationList = BCE259651BE912AF00424F65 /* Build configuration list for PBXNativeTarget "SwiftReduxTests" */;
			buildPhases = (
				BCE259541BE912AF00424F65 /* Sources */,
				BCE259551BE912AF00424F65 /* Frameworks */,
				BCE259561BE912AF00424F65 /* Resources */,
				BC0588281BEF85E700F2F4BF /* ShellScript */,
			);
			buildRules = (
			);
			dependencies = (
				BCE2595B1BE912AF00424F65 /* PBXTargetDependency */,
			);
			name = SwiftReduxTests;
			productName = SwiftReduxTests;
			productReference = BCE259581BE912AF00424F65 /* SwiftReduxTests.xctest */;
			productType = "com.apple.product-type.bundle.unit-test";
		};
/* End PBXNativeTarget section */

/* Begin PBXProject section */
		BCE259451BE912AE00424F65 /* Project object */ = {
			isa = PBXProject;
			attributes = {
				LastSwiftUpdateCheck = 0710;
				LastUpgradeCheck = 0710;
				ORGANIZATIONNAME = "Kare Media";
				TargetAttributes = {
					BCE2594D1BE912AE00424F65 = {
						CreatedOnToolsVersion = 7.1;
					};
					BCE259571BE912AF00424F65 = {
						CreatedOnToolsVersion = 7.1;
					};
				};
			};
			buildConfigurationList = BCE259481BE912AE00424F65 /* Build configuration list for PBXProject "SwiftRedux" */;
			compatibilityVersion = "Xcode 3.2";
			developmentRegion = English;
			hasScannedForEncodings = 0;
			knownRegions = (
				en,
			);
			mainGroup = BCE259441BE912AE00424F65;
			productRefGroup = BCE2594F1BE912AE00424F65 /* Products */;
			projectDirPath = "";
			projectRoot = "";
			targets = (
				BCE2594D1BE912AE00424F65 /* SwiftRedux */,
				BCE259571BE912AF00424F65 /* SwiftReduxTests */,
			);
		};
/* End PBXProject section */

/* Begin PBXResourcesBuildPhase section */
		BCE2594C1BE912AE00424F65 /* Resources */ = {
			isa = PBXResourcesBuildPhase;
			buildActionMask = 2147483647;
			files = (
			);
			runOnlyForDeploymentPostprocessing = 0;
		};
		BCE259561BE912AF00424F65 /* Resources */ = {
			isa = PBXResourcesBuildPhase;
			buildActionMask = 2147483647;
			files = (
			);
			runOnlyForDeploymentPostprocessing = 0;
		};
/* End PBXResourcesBuildPhase section */

/* Begin PBXShellScriptBuildPhase section */
		BC0588281BEF85E700F2F4BF /* ShellScript */ = {
			isa = PBXShellScriptBuildPhase;
			buildActionMask = 2147483647;
			files = (
			);
			inputPaths = (
				"$(SRCROOT)/Carthage/Build/iOS/Quick.framework",
				"$(SRCROOT)/Carthage/Build/iOS/Nimble.framework",
			);
			outputPaths = (
			);
			runOnlyForDeploymentPostprocessing = 0;
			shellPath = /bin/sh;
			shellScript = "/usr/local/bin/carthage copy-frameworks\n";
		};
/* End PBXShellScriptBuildPhase section */

/* Begin PBXSourcesBuildPhase section */
		BCE259491BE912AE00424F65 /* Sources */ = {
			isa = PBXSourcesBuildPhase;
			buildActionMask = 2147483647;
			files = (
				738B36AF1C1D9C07000D5552 /* CreateTypedStore.swift in Sources */,
				BCE2FDAA1BF0A61200D791AD /* ApplyMiddlewares.swift in Sources */,
				738B36AB1C1D9084000D5552 /* CreateStore.swift in Sources */,
				BCE259721BE915A700424F65 /* Store.swift in Sources */,
				BC0036931BFDDF2B00A3071A /* Reducer.swift in Sources */,
				BC356F811BF1401A001466FC /* BindActionCreators.swift in Sources */,
				BC28F8D21BEB9566000B5587 /* State.swift in Sources */,
				BC356F861BF15D4F001466FC /* Compose.swift in Sources */,
				BCE2596F1BE914DF00424F65 /* Action.swift in Sources */,
			);
			runOnlyForDeploymentPostprocessing = 0;
		};
		BCE259541BE912AF00424F65 /* Sources */ = {
			isa = PBXSourcesBuildPhase;
			buildActionMask = 2147483647;
			files = (
				BCE2FDAB1BF0A61200D791AD /* ApplyMiddlewares.swift in Sources */,
				738B36AC1C1D9084000D5552 /* CreateStore.swift in Sources */,
				BC51BC551BECA6CC008AFB00 /* CreateStoreSpec.swift in Sources */,
				BC51BC501BEBFA70008AFB00 /* Mocks.swift in Sources */,
				BCE9BB9E1BF203130088AABE /* ApplyMiddlewaresSpec.swift in Sources */,
				BCE259701BE914DF00424F65 /* Action.swift in Sources */,
				738B36B01C1D9C07000D5552 /* CreateTypedStore.swift in Sources */,
				BC356F841BF14180001466FC /* BindActionCreatorsSpec.swift in Sources */,
				BCE259731BE915A700424F65 /* Store.swift in Sources */,
				BC51BC4D1BEBE86D008AFB00 /* State.swift in Sources */,
				BC356F871BF165F2001466FC /* Compose.swift in Sources */,
				BC7BDFD81BF4A84000C7DAD3 /* ActionTypeSpec.swift in Sources */,
				BC0036941BFDDF4700A3071A /* Reducer.swift in Sources */,
				BC356F821BF1413D001466FC /* BindActionCreators.swift in Sources */,
			);
			runOnlyForDeploymentPostprocessing = 0;
		};
/* End PBXSourcesBuildPhase section */

/* Begin PBXTargetDependency section */
		BCE2595B1BE912AF00424F65 /* PBXTargetDependency */ = {
			isa = PBXTargetDependency;
			target = BCE2594D1BE912AE00424F65 /* SwiftRedux */;
			targetProxy = BCE2595A1BE912AF00424F65 /* PBXContainerItemProxy */;
		};
/* End PBXTargetDependency section */

/* Begin XCBuildConfiguration section */
		BCE259601BE912AF00424F65 /* Debug */ = {
			isa = XCBuildConfiguration;
			buildSettings = {
				ALWAYS_SEARCH_USER_PATHS = NO;
				CLANG_CXX_LANGUAGE_STANDARD = "gnu++0x";
				CLANG_CXX_LIBRARY = "libc++";
				CLANG_ENABLE_MODULES = YES;
				CLANG_ENABLE_OBJC_ARC = YES;
				CLANG_WARN_BOOL_CONVERSION = YES;
				CLANG_WARN_CONSTANT_CONVERSION = YES;
				CLANG_WARN_DIRECT_OBJC_ISA_USAGE = YES_ERROR;
				CLANG_WARN_EMPTY_BODY = YES;
				CLANG_WARN_ENUM_CONVERSION = YES;
				CLANG_WARN_INT_CONVERSION = YES;
				CLANG_WARN_OBJC_ROOT_CLASS = YES_ERROR;
				CLANG_WARN_UNREACHABLE_CODE = YES;
				CLANG_WARN__DUPLICATE_METHOD_MATCH = YES;
				"CODE_SIGN_IDENTITY[sdk=iphoneos*]" = "iPhone Developer";
				COPY_PHASE_STRIP = NO;
				CURRENT_PROJECT_VERSION = 1;
				DEBUG_INFORMATION_FORMAT = dwarf;
				EMBEDDED_CONTENT_CONTAINS_SWIFT = YES;
				ENABLE_STRICT_OBJC_MSGSEND = YES;
				ENABLE_TESTABILITY = YES;
				GCC_C_LANGUAGE_STANDARD = gnu99;
				GCC_DYNAMIC_NO_PIC = NO;
				GCC_NO_COMMON_BLOCKS = YES;
				GCC_OPTIMIZATION_LEVEL = 0;
				GCC_PREPROCESSOR_DEFINITIONS = (
					"DEBUG=1",
					"$(inherited)",
				);
				GCC_WARN_64_TO_32_BIT_CONVERSION = YES;
				GCC_WARN_ABOUT_RETURN_TYPE = YES_ERROR;
				GCC_WARN_UNDECLARED_SELECTOR = YES;
				GCC_WARN_UNINITIALIZED_AUTOS = YES_AGGRESSIVE;
				GCC_WARN_UNUSED_FUNCTION = YES;
				GCC_WARN_UNUSED_VARIABLE = YES;
				IPHONEOS_DEPLOYMENT_TARGET = 8.0;
				MTL_ENABLE_DEBUG_INFO = YES;
				ONLY_ACTIVE_ARCH = YES;
				SDKROOT = iphoneos;
				SWIFT_OPTIMIZATION_LEVEL = "-Onone";
				TARGETED_DEVICE_FAMILY = "1,2";
				VERSIONING_SYSTEM = "apple-generic";
				VERSION_INFO_PREFIX = "";
			};
			name = Debug;
		};
		BCE259611BE912AF00424F65 /* Release */ = {
			isa = XCBuildConfiguration;
			buildSettings = {
				ALWAYS_SEARCH_USER_PATHS = NO;
				CLANG_CXX_LANGUAGE_STANDARD = "gnu++0x";
				CLANG_CXX_LIBRARY = "libc++";
				CLANG_ENABLE_MODULES = YES;
				CLANG_ENABLE_OBJC_ARC = YES;
				CLANG_WARN_BOOL_CONVERSION = YES;
				CLANG_WARN_CONSTANT_CONVERSION = YES;
				CLANG_WARN_DIRECT_OBJC_ISA_USAGE = YES_ERROR;
				CLANG_WARN_EMPTY_BODY = YES;
				CLANG_WARN_ENUM_CONVERSION = YES;
				CLANG_WARN_INT_CONVERSION = YES;
				CLANG_WARN_OBJC_ROOT_CLASS = YES_ERROR;
				CLANG_WARN_UNREACHABLE_CODE = YES;
				CLANG_WARN__DUPLICATE_METHOD_MATCH = YES;
				"CODE_SIGN_IDENTITY[sdk=iphoneos*]" = "iPhone Developer";
				COPY_PHASE_STRIP = NO;
				CURRENT_PROJECT_VERSION = 1;
				DEBUG_INFORMATION_FORMAT = "dwarf-with-dsym";
				EMBEDDED_CONTENT_CONTAINS_SWIFT = YES;
				ENABLE_NS_ASSERTIONS = NO;
				ENABLE_STRICT_OBJC_MSGSEND = YES;
				GCC_C_LANGUAGE_STANDARD = gnu99;
				GCC_NO_COMMON_BLOCKS = YES;
				GCC_WARN_64_TO_32_BIT_CONVERSION = YES;
				GCC_WARN_ABOUT_RETURN_TYPE = YES_ERROR;
				GCC_WARN_UNDECLARED_SELECTOR = YES;
				GCC_WARN_UNINITIALIZED_AUTOS = YES_AGGRESSIVE;
				GCC_WARN_UNUSED_FUNCTION = YES;
				GCC_WARN_UNUSED_VARIABLE = YES;
				IPHONEOS_DEPLOYMENT_TARGET = 8.0;
				MTL_ENABLE_DEBUG_INFO = NO;
				SDKROOT = iphoneos;
				TARGETED_DEVICE_FAMILY = "1,2";
				VALIDATE_PRODUCT = YES;
				VERSIONING_SYSTEM = "apple-generic";
				VERSION_INFO_PREFIX = "";
			};
			name = Release;
		};
		BCE259631BE912AF00424F65 /* Debug */ = {
			isa = XCBuildConfiguration;
			buildSettings = {
				CLANG_ENABLE_MODULES = YES;
				DEFINES_MODULE = YES;
				DYLIB_COMPATIBILITY_VERSION = 1;
				DYLIB_CURRENT_VERSION = 1;
				DYLIB_INSTALL_NAME_BASE = "@rpath";
				FRAMEWORK_SEARCH_PATHS = (
					"$(inherited)",
					"$(PROJECT_DIR)/Carthage/Build/iOS",
				);
				INFOPLIST_FILE = SwiftRedux/Info.plist;
				INSTALL_PATH = "$(LOCAL_LIBRARY_DIR)/Frameworks";
				IPHONEOS_DEPLOYMENT_TARGET = 8.0;
				LD_RUNPATH_SEARCH_PATHS = "$(inherited) @executable_path/Frameworks @loader_path/Frameworks";
				PRODUCT_BUNDLE_IDENTIFIER = com.stampster.SwiftRedux;
				PRODUCT_NAME = "$(TARGET_NAME)";
				SKIP_INSTALL = YES;
				SWIFT_OPTIMIZATION_LEVEL = "-Onone";
			};
			name = Debug;
		};
		BCE259641BE912AF00424F65 /* Release */ = {
			isa = XCBuildConfiguration;
			buildSettings = {
				CLANG_ENABLE_MODULES = YES;
				DEFINES_MODULE = YES;
				DYLIB_COMPATIBILITY_VERSION = 1;
				DYLIB_CURRENT_VERSION = 1;
				DYLIB_INSTALL_NAME_BASE = "@rpath";
				FRAMEWORK_SEARCH_PATHS = (
					"$(inherited)",
					"$(PROJECT_DIR)/Carthage/Build/iOS",
				);
				INFOPLIST_FILE = SwiftRedux/Info.plist;
				INSTALL_PATH = "$(LOCAL_LIBRARY_DIR)/Frameworks";
				IPHONEOS_DEPLOYMENT_TARGET = 8.0;
				LD_RUNPATH_SEARCH_PATHS = "$(inherited) @executable_path/Frameworks @loader_path/Frameworks";
				PRODUCT_BUNDLE_IDENTIFIER = com.stampster.SwiftRedux;
				PRODUCT_NAME = "$(TARGET_NAME)";
				SKIP_INSTALL = YES;
			};
			name = Release;
		};
		BCE259661BE912AF00424F65 /* Debug */ = {
			isa = XCBuildConfiguration;
			buildSettings = {
				FRAMEWORK_SEARCH_PATHS = (
					"$(inherited)",
					"$(PROJECT_DIR)/Carthage/Build/iOS",
				);
				INFOPLIST_FILE = SwiftReduxTests/Info.plist;
				LD_RUNPATH_SEARCH_PATHS = "$(inherited) @executable_path/Frameworks @loader_path/Frameworks";
				PRODUCT_BUNDLE_IDENTIFIER = com.stampster.SwiftReduxTests;
				PRODUCT_NAME = "$(TARGET_NAME)";
			};
			name = Debug;
		};
		BCE259671BE912AF00424F65 /* Release */ = {
			isa = XCBuildConfiguration;
			buildSettings = {
				FRAMEWORK_SEARCH_PATHS = (
					"$(inherited)",
					"$(PROJECT_DIR)/Carthage/Build/iOS",
				);
				INFOPLIST_FILE = SwiftReduxTests/Info.plist;
				LD_RUNPATH_SEARCH_PATHS = "$(inherited) @executable_path/Frameworks @loader_path/Frameworks";
				PRODUCT_BUNDLE_IDENTIFIER = com.stampster.SwiftReduxTests;
				PRODUCT_NAME = "$(TARGET_NAME)";
			};
			name = Release;
		};
/* End XCBuildConfiguration section */

/* Begin XCConfigurationList section */
		BCE259481BE912AE00424F65 /* Build configuration list for PBXProject "SwiftRedux" */ = {
			isa = XCConfigurationList;
			buildConfigurations = (
				BCE259601BE912AF00424F65 /* Debug */,
				BCE259611BE912AF00424F65 /* Release */,
			);
			defaultConfigurationIsVisible = 0;
			defaultConfigurationName = Release;
		};
		BCE259621BE912AF00424F65 /* Build configuration list for PBXNativeTarget "SwiftRedux" */ = {
			isa = XCConfigurationList;
			buildConfigurations = (
				BCE259631BE912AF00424F65 /* Debug */,
				BCE259641BE912AF00424F65 /* Release */,
			);
			defaultConfigurationIsVisible = 0;
			defaultConfigurationName = Release;
		};
		BCE259651BE912AF00424F65 /* Build configuration list for PBXNativeTarget "SwiftReduxTests" */ = {
			isa = XCConfigurationList;
			buildConfigurations = (
				BCE259661BE912AF00424F65 /* Debug */,
				BCE259671BE912AF00424F65 /* Release */,
			);
			defaultConfigurationIsVisible = 0;
			defaultConfigurationName = Release;
		};
/* End XCConfigurationList section */
	};
	rootObject = BCE259451BE912AE00424F65 /* Project object */;
}
