// !$*UTF8*$!
{
	archiveVersion = 1;
	classes = {
	};
	objectVersion = 46;
	objects = {

/* Begin PBXBuildFile section */
		73061FAB1C2BB644005FA55E /* MiddlewareApi.swift in Sources */ = {isa = PBXBuildFile; fileRef = 73061FAA1C2BB644005FA55E /* MiddlewareApi.swift */; };
		73061FAC1C2BB644005FA55E /* MiddlewareApi.swift in Sources */ = {isa = PBXBuildFile; fileRef = 73061FAA1C2BB644005FA55E /* MiddlewareApi.swift */; };
		73061FAD1C2BB644005FA55E /* MiddlewareApi.swift in Sources */ = {isa = PBXBuildFile; fileRef = 73061FAA1C2BB644005FA55E /* MiddlewareApi.swift */; };
		73061FAE1C2BB644005FA55E /* MiddlewareApi.swift in Sources */ = {isa = PBXBuildFile; fileRef = 73061FAA1C2BB644005FA55E /* MiddlewareApi.swift */; };
		73552BD81C298D87003B7389 /* ReduxKit.framework in Frameworks */ = {isa = PBXBuildFile; fileRef = 73552BCE1C298D87003B7389 /* ReduxKit.framework */; };
		73552BE61C2990A5003B7389 /* ActionTypeSpec.swift in Sources */ = {isa = PBXBuildFile; fileRef = 73D8431C1C24399200644EEC /* ActionTypeSpec.swift */; };
		73552BE71C2990A5003B7389 /* ApplyMiddlewaresSpec.swift in Sources */ = {isa = PBXBuildFile; fileRef = 73D8431D1C24399200644EEC /* ApplyMiddlewaresSpec.swift */; };
		73552BE81C2990A5003B7389 /* BindActionCreatorsSpec.swift in Sources */ = {isa = PBXBuildFile; fileRef = 73D8431E1C24399200644EEC /* BindActionCreatorsSpec.swift */; };
		73552BE91C2990A5003B7389 /* CreateStoreSpec.swift in Sources */ = {isa = PBXBuildFile; fileRef = 73D8431F1C24399200644EEC /* CreateStoreSpec.swift */; };
		73552BEA1C2990A5003B7389 /* Mocks.swift in Sources */ = {isa = PBXBuildFile; fileRef = 73D843201C24399200644EEC /* Mocks.swift */; };
		73552BEB1C2990AE003B7389 /* Nimble.framework in Frameworks */ = {isa = PBXBuildFile; fileRef = 7389B88B1C24436200D58617 /* Nimble.framework */; };
		73552BEC1C2990AE003B7389 /* Quick.framework in Frameworks */ = {isa = PBXBuildFile; fileRef = 7389B88C1C24436200D58617 /* Quick.framework */; };
		73552BED1C2990D2003B7389 /* ReduxKit.h in Headers */ = {isa = PBXBuildFile; fileRef = 73D842EC1C24369900644EEC /* ReduxKit.h */; settings = {ATTRIBUTES = (Public, ); }; };
		73971CBE1C243F41005AC995 /* Nimble.framework in Frameworks */ = {isa = PBXBuildFile; fileRef = 73D843601C243C6300644EEC /* Nimble.framework */; };
		73971CBF1C243F44005AC995 /* Quick.framework in Frameworks */ = {isa = PBXBuildFile; fileRef = 73D843611C243C6300644EEC /* Quick.framework */; };
		73971CC21C24409D005AC995 /* ReduxKit.h in Headers */ = {isa = PBXBuildFile; fileRef = 73D842EC1C24369900644EEC /* ReduxKit.h */; settings = {ATTRIBUTES = (Public, ); }; };
		73D842ED1C24369900644EEC /* ReduxKit.h in Headers */ = {isa = PBXBuildFile; fileRef = 73D842EC1C24369900644EEC /* ReduxKit.h */; settings = {ATTRIBUTES = (Public, ); }; };
		73D843211C24399200644EEC /* ActionTypeSpec.swift in Sources */ = {isa = PBXBuildFile; fileRef = 73D8431C1C24399200644EEC /* ActionTypeSpec.swift */; };
		73D843231C24399200644EEC /* ApplyMiddlewaresSpec.swift in Sources */ = {isa = PBXBuildFile; fileRef = 73D8431D1C24399200644EEC /* ApplyMiddlewaresSpec.swift */; };
		73D843251C24399200644EEC /* BindActionCreatorsSpec.swift in Sources */ = {isa = PBXBuildFile; fileRef = 73D8431E1C24399200644EEC /* BindActionCreatorsSpec.swift */; };
		73D843271C24399200644EEC /* CreateStoreSpec.swift in Sources */ = {isa = PBXBuildFile; fileRef = 73D8431F1C24399200644EEC /* CreateStoreSpec.swift */; };
		73D843291C24399200644EEC /* Mocks.swift in Sources */ = {isa = PBXBuildFile; fileRef = 73D843201C24399200644EEC /* Mocks.swift */; };
		73D843361C243A8D00644EEC /* Action.swift in Sources */ = {isa = PBXBuildFile; fileRef = 73D8432E1C243A8D00644EEC /* Action.swift */; };
		73D843381C243A8D00644EEC /* Action.swift in Sources */ = {isa = PBXBuildFile; fileRef = 73D8432E1C243A8D00644EEC /* Action.swift */; };
		73D843391C243A8D00644EEC /* Action.swift in Sources */ = {isa = PBXBuildFile; fileRef = 73D8432E1C243A8D00644EEC /* Action.swift */; };
		73D8433B1C243A8D00644EEC /* ApplyMiddleware.swift in Sources */ = {isa = PBXBuildFile; fileRef = 73D8432F1C243A8D00644EEC /* ApplyMiddleware.swift */; };
		73D8433D1C243A8D00644EEC /* ApplyMiddleware.swift in Sources */ = {isa = PBXBuildFile; fileRef = 73D8432F1C243A8D00644EEC /* ApplyMiddleware.swift */; };
		73D8433E1C243A8D00644EEC /* ApplyMiddleware.swift in Sources */ = {isa = PBXBuildFile; fileRef = 73D8432F1C243A8D00644EEC /* ApplyMiddleware.swift */; };
		73D843401C243A8D00644EEC /* BindActionCreators.swift in Sources */ = {isa = PBXBuildFile; fileRef = 73D843301C243A8D00644EEC /* BindActionCreators.swift */; };
		73D843421C243A8D00644EEC /* BindActionCreators.swift in Sources */ = {isa = PBXBuildFile; fileRef = 73D843301C243A8D00644EEC /* BindActionCreators.swift */; };
		73D843431C243A8D00644EEC /* BindActionCreators.swift in Sources */ = {isa = PBXBuildFile; fileRef = 73D843301C243A8D00644EEC /* BindActionCreators.swift */; };
		73D843451C243A8D00644EEC /* Compose.swift in Sources */ = {isa = PBXBuildFile; fileRef = 73D843311C243A8D00644EEC /* Compose.swift */; };
		73D843471C243A8D00644EEC /* Compose.swift in Sources */ = {isa = PBXBuildFile; fileRef = 73D843311C243A8D00644EEC /* Compose.swift */; };
		73D843481C243A8D00644EEC /* Compose.swift in Sources */ = {isa = PBXBuildFile; fileRef = 73D843311C243A8D00644EEC /* Compose.swift */; };
		73D8434A1C243A8D00644EEC /* CreateStore.swift in Sources */ = {isa = PBXBuildFile; fileRef = 73D843321C243A8D00644EEC /* CreateStore.swift */; };
		73D8434C1C243A8D00644EEC /* CreateStore.swift in Sources */ = {isa = PBXBuildFile; fileRef = 73D843321C243A8D00644EEC /* CreateStore.swift */; };
		73D8434D1C243A8D00644EEC /* CreateStore.swift in Sources */ = {isa = PBXBuildFile; fileRef = 73D843321C243A8D00644EEC /* CreateStore.swift */; };
		73D8434F1C243A8D00644EEC /* Disposable.swift in Sources */ = {isa = PBXBuildFile; fileRef = 73D843331C243A8D00644EEC /* Disposable.swift */; };
		73D843511C243A8D00644EEC /* Disposable.swift in Sources */ = {isa = PBXBuildFile; fileRef = 73D843331C243A8D00644EEC /* Disposable.swift */; };
		73D843521C243A8D00644EEC /* Disposable.swift in Sources */ = {isa = PBXBuildFile; fileRef = 73D843331C243A8D00644EEC /* Disposable.swift */; };
		73D843541C243A8D00644EEC /* StateStream.swift in Sources */ = {isa = PBXBuildFile; fileRef = 73D843341C243A8D00644EEC /* StateStream.swift */; };
		73D843561C243A8D00644EEC /* StateStream.swift in Sources */ = {isa = PBXBuildFile; fileRef = 73D843341C243A8D00644EEC /* StateStream.swift */; };
		73D843571C243A8D00644EEC /* StateStream.swift in Sources */ = {isa = PBXBuildFile; fileRef = 73D843341C243A8D00644EEC /* StateStream.swift */; };
		73D843591C243A8D00644EEC /* Store.swift in Sources */ = {isa = PBXBuildFile; fileRef = 73D843351C243A8D00644EEC /* Store.swift */; };
		73D8435B1C243A8D00644EEC /* Store.swift in Sources */ = {isa = PBXBuildFile; fileRef = 73D843351C243A8D00644EEC /* Store.swift */; };
		73D8435C1C243A8D00644EEC /* Store.swift in Sources */ = {isa = PBXBuildFile; fileRef = 73D843351C243A8D00644EEC /* Store.swift */; };
		73D8435E1C243B7200644EEC /* ReduxKit.h in Headers */ = {isa = PBXBuildFile; fileRef = 73D842EC1C24369900644EEC /* ReduxKit.h */; settings = {ATTRIBUTES = (Public, ); }; };
		73D8436D1C243C8800644EEC /* ReduxKit.framework in Frameworks */ = {isa = PBXBuildFile; fileRef = 73D842EA1C24369900644EEC /* ReduxKit.framework */; };
		73D843731C243CCE00644EEC /* ActionTypeSpec.swift in Sources */ = {isa = PBXBuildFile; fileRef = 73D8431C1C24399200644EEC /* ActionTypeSpec.swift */; };
		73D843741C243CCE00644EEC /* ApplyMiddlewaresSpec.swift in Sources */ = {isa = PBXBuildFile; fileRef = 73D8431D1C24399200644EEC /* ApplyMiddlewaresSpec.swift */; };
		73D843751C243CCE00644EEC /* BindActionCreatorsSpec.swift in Sources */ = {isa = PBXBuildFile; fileRef = 73D8431E1C24399200644EEC /* BindActionCreatorsSpec.swift */; };
		73D843761C243CCE00644EEC /* CreateStoreSpec.swift in Sources */ = {isa = PBXBuildFile; fileRef = 73D8431F1C24399200644EEC /* CreateStoreSpec.swift */; };
		73D843771C243CCE00644EEC /* Mocks.swift in Sources */ = {isa = PBXBuildFile; fileRef = 73D843201C24399200644EEC /* Mocks.swift */; };
		BC9F52B91BF00A9D002C2540 /* Nimble.framework in Frameworks */ = {isa = PBXBuildFile; fileRef = BC0588241BEF85BA00F2F4BF /* Nimble.framework */; };
		BC9F52BA1BF00A9D002C2540 /* Quick.framework in Frameworks */ = {isa = PBXBuildFile; fileRef = BC0588251BEF85BA00F2F4BF /* Quick.framework */; };
		BCE259591BE912AF00424F65 /* ReduxKit.framework in Frameworks */ = {isa = PBXBuildFile; fileRef = BCE2594E1BE912AE00424F65 /* ReduxKit.framework */; };
/* End PBXBuildFile section */

/* Begin PBXContainerItemProxy section */
		73552BD91C298D87003B7389 /* PBXContainerItemProxy */ = {
			isa = PBXContainerItemProxy;
			containerPortal = BCE259451BE912AE00424F65 /* Project object */;
			proxyType = 1;
			remoteGlobalIDString = 73552BCD1C298D87003B7389;
			remoteInfo = ReduxKit;
		};
		73D8436E1C243C8800644EEC /* PBXContainerItemProxy */ = {
			isa = PBXContainerItemProxy;
			containerPortal = BCE259451BE912AE00424F65 /* Project object */;
			proxyType = 1;
			remoteGlobalIDString = 73D842E91C24369900644EEC;
			remoteInfo = "ReduxKit-OSX";
		};
		BCE2595A1BE912AF00424F65 /* PBXContainerItemProxy */ = {
			isa = PBXContainerItemProxy;
			containerPortal = BCE259451BE912AE00424F65 /* Project object */;
			proxyType = 1;
			remoteGlobalIDString = BCE2594D1BE912AE00424F65;
			remoteInfo = ReduxKit;
		};
/* End PBXContainerItemProxy section */

/* Begin PBXFileReference section */
		73061FAA1C2BB644005FA55E /* MiddlewareApi.swift */ = {isa = PBXFileReference; fileEncoding = 4; lastKnownFileType = sourcecode.swift; path = MiddlewareApi.swift; sourceTree = "<group>"; };
		731D20551C2446AB00EAE2FE /* ReduxKit.podspec */ = {isa = PBXFileReference; lastKnownFileType = text; path = ReduxKit.podspec; sourceTree = "<group>"; };
		731D20561C24475200EAE2FE /* LICENSE */ = {isa = PBXFileReference; lastKnownFileType = text; path = LICENSE; sourceTree = "<group>"; };
		735004801C1EA96E0040E6AE /* Cartfile.private */ = {isa = PBXFileReference; lastKnownFileType = text; path = Cartfile.private; sourceTree = "<group>"; };
		735004811C1EA96E0040E6AE /* Cartfile.resolved */ = {isa = PBXFileReference; lastKnownFileType = text; path = Cartfile.resolved; sourceTree = "<group>"; };
		735004821C1EA96E0040E6AE /* README.md */ = {isa = PBXFileReference; lastKnownFileType = net.daringfireball.markdown; path = README.md; sourceTree = "<group>"; };
		735004831C1EA96E0040E6AE /* SUMMARY.md */ = {isa = PBXFileReference; lastKnownFileType = net.daringfireball.markdown; path = SUMMARY.md; sourceTree = "<group>"; };
		73552BCE1C298D87003B7389 /* ReduxKit.framework */ = {isa = PBXFileReference; explicitFileType = wrapper.framework; includeInIndex = 0; path = ReduxKit.framework; sourceTree = BUILT_PRODUCTS_DIR; };
		73552BD71C298D87003B7389 /* ReduxKit-tvOSTests.xctest */ = {isa = PBXFileReference; explicitFileType = wrapper.cfbundle; includeInIndex = 0; path = "ReduxKit-tvOSTests.xctest"; sourceTree = BUILT_PRODUCTS_DIR; };
		7389B88B1C24436200D58617 /* Nimble.framework */ = {isa = PBXFileReference; lastKnownFileType = wrapper.framework; name = Nimble.framework; path = Carthage/Build/tvOS/Nimble.framework; sourceTree = SOURCE_ROOT; };
		7389B88C1C24436200D58617 /* Quick.framework */ = {isa = PBXFileReference; lastKnownFileType = wrapper.framework; name = Quick.framework; path = Carthage/Build/tvOS/Quick.framework; sourceTree = SOURCE_ROOT; };
		73D842EA1C24369900644EEC /* ReduxKit.framework */ = {isa = PBXFileReference; explicitFileType = wrapper.framework; includeInIndex = 0; path = ReduxKit.framework; sourceTree = BUILT_PRODUCTS_DIR; };
		73D842EC1C24369900644EEC /* ReduxKit.h */ = {isa = PBXFileReference; lastKnownFileType = sourcecode.c.h; path = ReduxKit.h; sourceTree = "<group>"; };
		73D842EE1C24369900644EEC /* Info.plist */ = {isa = PBXFileReference; lastKnownFileType = text.plist.xml; path = Info.plist; sourceTree = "<group>"; };
		73D842FA1C24369900644EEC /* Info.plist */ = {isa = PBXFileReference; lastKnownFileType = text.plist.xml; path = Info.plist; sourceTree = "<group>"; };
		73D843131C24377F00644EEC /* ReduxKit.framework */ = {isa = PBXFileReference; explicitFileType = wrapper.framework; includeInIndex = 0; path = ReduxKit.framework; sourceTree = BUILT_PRODUCTS_DIR; };
		73D8431C1C24399200644EEC /* ActionTypeSpec.swift */ = {isa = PBXFileReference; fileEncoding = 4; lastKnownFileType = sourcecode.swift; path = ActionTypeSpec.swift; sourceTree = "<group>"; };
		73D8431D1C24399200644EEC /* ApplyMiddlewaresSpec.swift */ = {isa = PBXFileReference; fileEncoding = 4; lastKnownFileType = sourcecode.swift; path = ApplyMiddlewaresSpec.swift; sourceTree = "<group>"; };
		73D8431E1C24399200644EEC /* BindActionCreatorsSpec.swift */ = {isa = PBXFileReference; fileEncoding = 4; lastKnownFileType = sourcecode.swift; path = BindActionCreatorsSpec.swift; sourceTree = "<group>"; };
		73D8431F1C24399200644EEC /* CreateStoreSpec.swift */ = {isa = PBXFileReference; fileEncoding = 4; lastKnownFileType = sourcecode.swift; path = CreateStoreSpec.swift; sourceTree = "<group>"; };
		73D843201C24399200644EEC /* Mocks.swift */ = {isa = PBXFileReference; fileEncoding = 4; lastKnownFileType = sourcecode.swift; path = Mocks.swift; sourceTree = "<group>"; };
		73D8432E1C243A8D00644EEC /* Action.swift */ = {isa = PBXFileReference; fileEncoding = 4; lastKnownFileType = sourcecode.swift; path = Action.swift; sourceTree = "<group>"; };
		73D8432F1C243A8D00644EEC /* ApplyMiddleware.swift */ = {isa = PBXFileReference; fileEncoding = 4; lastKnownFileType = sourcecode.swift; path = ApplyMiddleware.swift; sourceTree = "<group>"; };
		73D843301C243A8D00644EEC /* BindActionCreators.swift */ = {isa = PBXFileReference; fileEncoding = 4; lastKnownFileType = sourcecode.swift; path = BindActionCreators.swift; sourceTree = "<group>"; };
		73D843311C243A8D00644EEC /* Compose.swift */ = {isa = PBXFileReference; fileEncoding = 4; lastKnownFileType = sourcecode.swift; path = Compose.swift; sourceTree = "<group>"; };
		73D843321C243A8D00644EEC /* CreateStore.swift */ = {isa = PBXFileReference; fileEncoding = 4; lastKnownFileType = sourcecode.swift; path = CreateStore.swift; sourceTree = "<group>"; };
		73D843331C243A8D00644EEC /* Disposable.swift */ = {isa = PBXFileReference; fileEncoding = 4; lastKnownFileType = sourcecode.swift; path = Disposable.swift; sourceTree = "<group>"; };
		73D843341C243A8D00644EEC /* StateStream.swift */ = {isa = PBXFileReference; fileEncoding = 4; lastKnownFileType = sourcecode.swift; path = StateStream.swift; sourceTree = "<group>"; };
		73D843351C243A8D00644EEC /* Store.swift */ = {isa = PBXFileReference; fileEncoding = 4; lastKnownFileType = sourcecode.swift; path = Store.swift; sourceTree = "<group>"; };
		73D843601C243C6300644EEC /* Nimble.framework */ = {isa = PBXFileReference; lastKnownFileType = wrapper.framework; name = Nimble.framework; path = Carthage/Build/Mac/Nimble.framework; sourceTree = SOURCE_ROOT; };
		73D843611C243C6300644EEC /* Quick.framework */ = {isa = PBXFileReference; lastKnownFileType = wrapper.framework; name = Quick.framework; path = Carthage/Build/Mac/Quick.framework; sourceTree = SOURCE_ROOT; };
		73D843681C243C8800644EEC /* ReduxKitTests.xctest */ = {isa = PBXFileReference; explicitFileType = wrapper.cfbundle; includeInIndex = 0; path = ReduxKitTests.xctest; sourceTree = BUILT_PRODUCTS_DIR; };
		BC0588241BEF85BA00F2F4BF /* Nimble.framework */ = {isa = PBXFileReference; lastKnownFileType = wrapper.framework; name = Nimble.framework; path = ../Carthage/Build/iOS/Nimble.framework; sourceTree = "<group>"; };
		BC0588251BEF85BA00F2F4BF /* Quick.framework */ = {isa = PBXFileReference; lastKnownFileType = wrapper.framework; name = Quick.framework; path = ../Carthage/Build/iOS/Quick.framework; sourceTree = "<group>"; };
		BCE2594E1BE912AE00424F65 /* ReduxKit.framework */ = {isa = PBXFileReference; explicitFileType = wrapper.framework; includeInIndex = 0; path = ReduxKit.framework; sourceTree = BUILT_PRODUCTS_DIR; };
		BCE259581BE912AF00424F65 /* ReduxKitTests.xctest */ = {isa = PBXFileReference; explicitFileType = wrapper.cfbundle; includeInIndex = 0; path = ReduxKitTests.xctest; sourceTree = BUILT_PRODUCTS_DIR; };
/* End PBXFileReference section */

/* Begin PBXFrameworksBuildPhase section */
		73552BCA1C298D87003B7389 /* Frameworks */ = {
			isa = PBXFrameworksBuildPhase;
			buildActionMask = 2147483647;
			files = (
			);
			runOnlyForDeploymentPostprocessing = 0;
		};
		73552BD41C298D87003B7389 /* Frameworks */ = {
			isa = PBXFrameworksBuildPhase;
			buildActionMask = 2147483647;
			files = (
				73552BD81C298D87003B7389 /* ReduxKit.framework in Frameworks */,
				73552BEB1C2990AE003B7389 /* Nimble.framework in Frameworks */,
				73552BEC1C2990AE003B7389 /* Quick.framework in Frameworks */,
			);
			runOnlyForDeploymentPostprocessing = 0;
		};
		73D842E61C24369900644EEC /* Frameworks */ = {
			isa = PBXFrameworksBuildPhase;
			buildActionMask = 2147483647;
			files = (
			);
			runOnlyForDeploymentPostprocessing = 0;
		};
		73D8430F1C24377F00644EEC /* Frameworks */ = {
			isa = PBXFrameworksBuildPhase;
			buildActionMask = 2147483647;
			files = (
			);
			runOnlyForDeploymentPostprocessing = 0;
		};
		73D843651C243C8800644EEC /* Frameworks */ = {
			isa = PBXFrameworksBuildPhase;
			buildActionMask = 2147483647;
			files = (
				73D8436D1C243C8800644EEC /* ReduxKit.framework in Frameworks */,
				73971CBE1C243F41005AC995 /* Nimble.framework in Frameworks */,
				73971CBF1C243F44005AC995 /* Quick.framework in Frameworks */,
			);
			runOnlyForDeploymentPostprocessing = 0;
		};
		BCE2594A1BE912AE00424F65 /* Frameworks */ = {
			isa = PBXFrameworksBuildPhase;
			buildActionMask = 2147483647;
			files = (
			);
			runOnlyForDeploymentPostprocessing = 0;
		};
		BCE259551BE912AF00424F65 /* Frameworks */ = {
			isa = PBXFrameworksBuildPhase;
			buildActionMask = 2147483647;
			files = (
				BC9F52B91BF00A9D002C2540 /* Nimble.framework in Frameworks */,
				BC9F52BA1BF00A9D002C2540 /* Quick.framework in Frameworks */,
				BCE259591BE912AF00424F65 /* ReduxKit.framework in Frameworks */,
			);
			runOnlyForDeploymentPostprocessing = 0;
		};
/* End PBXFrameworksBuildPhase section */

/* Begin PBXGroup section */
		7389B88A1C24433F00D58617 /* Dependencies tvOS */ = {
			isa = PBXGroup;
			children = (
				7389B88B1C24436200D58617 /* Nimble.framework */,
				7389B88C1C24436200D58617 /* Quick.framework */,
			);
			name = "Dependencies tvOS";
			sourceTree = "<group>";
		};
		73D842EB1C24369900644EEC /* ReduxKit */ = {
			isa = PBXGroup;
			children = (
				73D842EC1C24369900644EEC /* ReduxKit.h */,
				73D842EE1C24369900644EEC /* Info.plist */,
				73D8432E1C243A8D00644EEC /* Action.swift */,
				73D8432F1C243A8D00644EEC /* ApplyMiddleware.swift */,
				73D843301C243A8D00644EEC /* BindActionCreators.swift */,
				73D843311C243A8D00644EEC /* Compose.swift */,
				73D843321C243A8D00644EEC /* CreateStore.swift */,
				73D843331C243A8D00644EEC /* Disposable.swift */,
				73061FAA1C2BB644005FA55E /* MiddlewareApi.swift */,
				73D843341C243A8D00644EEC /* StateStream.swift */,
				73D843351C243A8D00644EEC /* Store.swift */,
			);
			path = ReduxKit;
			sourceTree = "<group>";
		};
		73D842F71C24369900644EEC /* ReduxKitTests */ = {
			isa = PBXGroup;
			children = (
				73D842FA1C24369900644EEC /* Info.plist */,
				73D8431C1C24399200644EEC /* ActionTypeSpec.swift */,
				73D8431D1C24399200644EEC /* ApplyMiddlewaresSpec.swift */,
				73D8431E1C24399200644EEC /* BindActionCreatorsSpec.swift */,
				73D8431F1C24399200644EEC /* CreateStoreSpec.swift */,
				73D843201C24399200644EEC /* Mocks.swift */,
				73D8431B1C24392900644EEC /* Dependencies iOS */,
				73D8435F1C243C3000644EEC /* Dependencies Mac */,
				7389B88A1C24433F00D58617 /* Dependencies tvOS */,
			);
			path = ReduxKitTests;
			sourceTree = "<group>";
		};
		73D8431B1C24392900644EEC /* Dependencies iOS */ = {
			isa = PBXGroup;
			children = (
				BC0588241BEF85BA00F2F4BF /* Nimble.framework */,
				BC0588251BEF85BA00F2F4BF /* Quick.framework */,
			);
			name = "Dependencies iOS";
			sourceTree = "<group>";
		};
		73D8435F1C243C3000644EEC /* Dependencies Mac */ = {
			isa = PBXGroup;
			children = (
				73D843601C243C6300644EEC /* Nimble.framework */,
				73D843611C243C6300644EEC /* Quick.framework */,
			);
			name = "Dependencies Mac";
			sourceTree = "<group>";
		};
		BCE259441BE912AE00424F65 = {
			isa = PBXGroup;
			children = (
				731D20561C24475200EAE2FE /* LICENSE */,
				735004821C1EA96E0040E6AE /* README.md */,
				735004831C1EA96E0040E6AE /* SUMMARY.md */,
				735004801C1EA96E0040E6AE /* Cartfile.private */,
				735004811C1EA96E0040E6AE /* Cartfile.resolved */,
				731D20551C2446AB00EAE2FE /* ReduxKit.podspec */,
				73D842EB1C24369900644EEC /* ReduxKit */,
				73D842F71C24369900644EEC /* ReduxKitTests */,
				BCE2594F1BE912AE00424F65 /* Products */,
			);
			sourceTree = "<group>";
		};
		BCE2594F1BE912AE00424F65 /* Products */ = {
			isa = PBXGroup;
			children = (
				BCE2594E1BE912AE00424F65 /* ReduxKit.framework */,
				BCE259581BE912AF00424F65 /* ReduxKitTests.xctest */,
				73D842EA1C24369900644EEC /* ReduxKit.framework */,
				73D843131C24377F00644EEC /* ReduxKit.framework */,
				73D843681C243C8800644EEC /* ReduxKitTests.xctest */,
				73552BCE1C298D87003B7389 /* ReduxKit.framework */,
				73552BD71C298D87003B7389 /* ReduxKit-tvOSTests.xctest */,
			);
			name = Products;
			sourceTree = "<group>";
		};
/* End PBXGroup section */

/* Begin PBXHeadersBuildPhase section */
		73552BCB1C298D87003B7389 /* Headers */ = {
			isa = PBXHeadersBuildPhase;
			buildActionMask = 2147483647;
			files = (
				73552BED1C2990D2003B7389 /* ReduxKit.h in Headers */,
			);
			runOnlyForDeploymentPostprocessing = 0;
		};
		73D842E71C24369900644EEC /* Headers */ = {
			isa = PBXHeadersBuildPhase;
			buildActionMask = 2147483647;
			files = (
				73D842ED1C24369900644EEC /* ReduxKit.h in Headers */,
			);
			runOnlyForDeploymentPostprocessing = 0;
		};
		73D843101C24377F00644EEC /* Headers */ = {
			isa = PBXHeadersBuildPhase;
			buildActionMask = 2147483647;
			files = (
				73971CC21C24409D005AC995 /* ReduxKit.h in Headers */,
			);
			runOnlyForDeploymentPostprocessing = 0;
		};
		BCE2594B1BE912AE00424F65 /* Headers */ = {
			isa = PBXHeadersBuildPhase;
			buildActionMask = 2147483647;
			files = (
				73D8435E1C243B7200644EEC /* ReduxKit.h in Headers */,
			);
			runOnlyForDeploymentPostprocessing = 0;
		};
/* End PBXHeadersBuildPhase section */

/* Begin PBXNativeTarget section */
		73552BCD1C298D87003B7389 /* ReduxKit-tvOS */ = {
			isa = PBXNativeTarget;
			buildConfigurationList = 73552BDF1C298D87003B7389 /* Build configuration list for PBXNativeTarget "ReduxKit-tvOS" */;
			buildPhases = (
				73552BC91C298D87003B7389 /* Sources */,
				73552BCA1C298D87003B7389 /* Frameworks */,
				73552BCB1C298D87003B7389 /* Headers */,
				73552BCC1C298D87003B7389 /* Resources */,
			);
			buildRules = (
			);
			dependencies = (
			);
			name = "ReduxKit-tvOS";
			productName = ReduxKit;
			productReference = 73552BCE1C298D87003B7389 /* ReduxKit.framework */;
			productType = "com.apple.product-type.framework";
		};
		73552BD61C298D87003B7389 /* ReduxKit-tvOSTests */ = {
			isa = PBXNativeTarget;
			buildConfigurationList = 73552BE21C298D87003B7389 /* Build configuration list for PBXNativeTarget "ReduxKit-tvOSTests" */;
			buildPhases = (
				73552BD31C298D87003B7389 /* Sources */,
				73552BD41C298D87003B7389 /* Frameworks */,
				73552BD51C298D87003B7389 /* Resources */,
				73552BE51C298E9B003B7389 /* ShellScript */,
			);
			buildRules = (
			);
			dependencies = (
				73552BDA1C298D87003B7389 /* PBXTargetDependency */,
			);
			name = "ReduxKit-tvOSTests";
			productName = ReduxKitTests;
			productReference = 73552BD71C298D87003B7389 /* ReduxKit-tvOSTests.xctest */;
			productType = "com.apple.product-type.bundle.unit-test";
		};
		73D842E91C24369900644EEC /* ReduxKit-Mac */ = {
			isa = PBXNativeTarget;
			buildConfigurationList = 73D842FB1C24369900644EEC /* Build configuration list for PBXNativeTarget "ReduxKit-Mac" */;
			buildPhases = (
				73D842E51C24369900644EEC /* Sources */,
				73D842E61C24369900644EEC /* Frameworks */,
				73D842E71C24369900644EEC /* Headers */,
				73D842E81C24369900644EEC /* Resources */,
			);
			buildRules = (
			);
			dependencies = (
			);
			name = "ReduxKit-Mac";
			productName = ReduxKit;
			productReference = 73D842EA1C24369900644EEC /* ReduxKit.framework */;
			productType = "com.apple.product-type.framework";
		};
		73D843121C24377F00644EEC /* ReduxKit-watchOS */ = {
			isa = PBXNativeTarget;
			buildConfigurationList = 73D843181C24377F00644EEC /* Build configuration list for PBXNativeTarget "ReduxKit-watchOS" */;
			buildPhases = (
				73D8430E1C24377F00644EEC /* Sources */,
				73D8430F1C24377F00644EEC /* Frameworks */,
				73D843101C24377F00644EEC /* Headers */,
				73D843111C24377F00644EEC /* Resources */,
			);
			buildRules = (
			);
			dependencies = (
			);
			name = "ReduxKit-watchOS";
			productName = ReduxKit;
			productReference = 73D843131C24377F00644EEC /* ReduxKit.framework */;
			productType = "com.apple.product-type.framework";
		};
		73D843671C243C8800644EEC /* ReduxKit-MacTests */ = {
			isa = PBXNativeTarget;
			buildConfigurationList = 73D843701C243C8800644EEC /* Build configuration list for PBXNativeTarget "ReduxKit-MacTests" */;
			buildPhases = (
				73D843641C243C8800644EEC /* Sources */,
				73D843651C243C8800644EEC /* Frameworks */,
				73D843661C243C8800644EEC /* Resources */,
				73971CC01C243FEA005AC995 /* ShellScript */,
			);
			buildRules = (
			);
			dependencies = (
				73D8436F1C243C8800644EEC /* PBXTargetDependency */,
			);
			name = "ReduxKit-MacTests";
			productName = ReduxKitTests;
			productReference = 73D843681C243C8800644EEC /* ReduxKitTests.xctest */;
			productType = "com.apple.product-type.bundle.unit-test";
		};
		BCE2594D1BE912AE00424F65 /* ReduxKit-iOS */ = {
			isa = PBXNativeTarget;
			buildConfigurationList = BCE259621BE912AF00424F65 /* Build configuration list for PBXNativeTarget "ReduxKit-iOS" */;
			buildPhases = (
				BCE259491BE912AE00424F65 /* Sources */,
				BCE2594A1BE912AE00424F65 /* Frameworks */,
				BCE2594B1BE912AE00424F65 /* Headers */,
				BCE2594C1BE912AE00424F65 /* Resources */,
			);
			buildRules = (
			);
			dependencies = (
			);
			name = "ReduxKit-iOS";
			productName = ReduxKit;
			productReference = BCE2594E1BE912AE00424F65 /* ReduxKit.framework */;
			productType = "com.apple.product-type.framework";
		};
		BCE259571BE912AF00424F65 /* ReduxKit-iOSTests */ = {
			isa = PBXNativeTarget;
			buildConfigurationList = BCE259651BE912AF00424F65 /* Build configuration list for PBXNativeTarget "ReduxKit-iOSTests" */;
			buildPhases = (
				BCE259541BE912AF00424F65 /* Sources */,
				BCE259551BE912AF00424F65 /* Frameworks */,
				BCE259561BE912AF00424F65 /* Resources */,
				BC0588281BEF85E700F2F4BF /* ShellScript */,
			);
			buildRules = (
			);
			dependencies = (
				BCE2595B1BE912AF00424F65 /* PBXTargetDependency */,
			);
			name = "ReduxKit-iOSTests";
			productName = ReduxKitTests;
			productReference = BCE259581BE912AF00424F65 /* ReduxKitTests.xctest */;
			productType = "com.apple.product-type.bundle.unit-test";
		};
/* End PBXNativeTarget section */

/* Begin PBXProject section */
		BCE259451BE912AE00424F65 /* Project object */ = {
			isa = PBXProject;
			attributes = {
				LastSwiftUpdateCheck = 0720;
				LastUpgradeCheck = 0720;
				ORGANIZATIONNAME = "Kare Media";
				TargetAttributes = {
					73552BCD1C298D87003B7389 = {
						CreatedOnToolsVersion = 7.2;
					};
					73552BD61C298D87003B7389 = {
						CreatedOnToolsVersion = 7.2;
					};
					73D842E91C24369900644EEC = {
						CreatedOnToolsVersion = 7.2;
					};
					73D843121C24377F00644EEC = {
						CreatedOnToolsVersion = 7.2;
					};
					73D843671C243C8800644EEC = {
						CreatedOnToolsVersion = 7.2;
					};
					BCE2594D1BE912AE00424F65 = {
						CreatedOnToolsVersion = 7.1;
					};
					BCE259571BE912AF00424F65 = {
						CreatedOnToolsVersion = 7.1;
					};
				};
			};
			buildConfigurationList = BCE259481BE912AE00424F65 /* Build configuration list for PBXProject "ReduxKit" */;
			compatibilityVersion = "Xcode 3.2";
			developmentRegion = English;
			hasScannedForEncodings = 0;
			knownRegions = (
				en,
			);
			mainGroup = BCE259441BE912AE00424F65;
			productRefGroup = BCE2594F1BE912AE00424F65 /* Products */;
			projectDirPath = "";
			projectRoot = "";
			targets = (
				BCE2594D1BE912AE00424F65 /* ReduxKit-iOS */,
				BCE259571BE912AF00424F65 /* ReduxKit-iOSTests */,
				73D842E91C24369900644EEC /* ReduxKit-Mac */,
				73D843671C243C8800644EEC /* ReduxKit-MacTests */,
				73552BCD1C298D87003B7389 /* ReduxKit-tvOS */,
				73552BD61C298D87003B7389 /* ReduxKit-tvOSTests */,
				73D843121C24377F00644EEC /* ReduxKit-watchOS */,
			);
		};
/* End PBXProject section */

/* Begin PBXResourcesBuildPhase section */
		73552BCC1C298D87003B7389 /* Resources */ = {
			isa = PBXResourcesBuildPhase;
			buildActionMask = 2147483647;
			files = (
			);
			runOnlyForDeploymentPostprocessing = 0;
		};
		73552BD51C298D87003B7389 /* Resources */ = {
			isa = PBXResourcesBuildPhase;
			buildActionMask = 2147483647;
			files = (
			);
			runOnlyForDeploymentPostprocessing = 0;
		};
		73D842E81C24369900644EEC /* Resources */ = {
			isa = PBXResourcesBuildPhase;
			buildActionMask = 2147483647;
			files = (
			);
			runOnlyForDeploymentPostprocessing = 0;
		};
		73D843111C24377F00644EEC /* Resources */ = {
			isa = PBXResourcesBuildPhase;
			buildActionMask = 2147483647;
			files = (
			);
			runOnlyForDeploymentPostprocessing = 0;
		};
		73D843661C243C8800644EEC /* Resources */ = {
			isa = PBXResourcesBuildPhase;
			buildActionMask = 2147483647;
			files = (
			);
			runOnlyForDeploymentPostprocessing = 0;
		};
		BCE2594C1BE912AE00424F65 /* Resources */ = {
			isa = PBXResourcesBuildPhase;
			buildActionMask = 2147483647;
			files = (
			);
			runOnlyForDeploymentPostprocessing = 0;
		};
		BCE259561BE912AF00424F65 /* Resources */ = {
			isa = PBXResourcesBuildPhase;
			buildActionMask = 2147483647;
			files = (
			);
			runOnlyForDeploymentPostprocessing = 0;
		};
/* End PBXResourcesBuildPhase section */

/* Begin PBXShellScriptBuildPhase section */
		73552BE51C298E9B003B7389 /* ShellScript */ = {
			isa = PBXShellScriptBuildPhase;
			buildActionMask = 2147483647;
			files = (
			);
			inputPaths = (
				"$(SRCROOT)/Carthage/Build/tvOS/Quick.framework",
				"$(SRCROOT)/Carthage/Build/tvOS/Nimble.framework",
			);
			outputPaths = (
			);
			runOnlyForDeploymentPostprocessing = 0;
			shellPath = /bin/sh;
			shellScript = "/usr/local/bin/carthage copy-frameworks";
		};
		73971CC01C243FEA005AC995 /* ShellScript */ = {
			isa = PBXShellScriptBuildPhase;
			buildActionMask = 2147483647;
			files = (
			);
			inputPaths = (
				"$(SRCROOT)/Carthage/Build/Mac/Quick.framework",
				"$(SRCROOT)/Carthage/Build/Mac/Nimble.framework",
			);
			outputPaths = (
			);
			runOnlyForDeploymentPostprocessing = 0;
			shellPath = /bin/sh;
			shellScript = "/usr/local/bin/carthage copy-frameworks\n";
		};
		BC0588281BEF85E700F2F4BF /* ShellScript */ = {
			isa = PBXShellScriptBuildPhase;
			buildActionMask = 2147483647;
			files = (
			);
			inputPaths = (
				"$(SRCROOT)/Carthage/Build/iOS/Quick.framework",
				"$(SRCROOT)/Carthage/Build/iOS/Nimble.framework",
			);
			outputPaths = (
			);
			runOnlyForDeploymentPostprocessing = 0;
			shellPath = /bin/sh;
			shellScript = "/usr/local/bin/carthage copy-frameworks\n";
		};
/* End PBXShellScriptBuildPhase section */

/* Begin PBXSourcesBuildPhase section */
		73552BC91C298D87003B7389 /* Sources */ = {
			isa = PBXSourcesBuildPhase;
			buildActionMask = 2147483647;
			files = (
				73061FAD1C2BB644005FA55E /* MiddlewareApi.swift in Sources */,
			);
			runOnlyForDeploymentPostprocessing = 0;
		};
		73552BD31C298D87003B7389 /* Sources */ = {
			isa = PBXSourcesBuildPhase;
			buildActionMask = 2147483647;
			files = (
				73552BE91C2990A5003B7389 /* CreateStoreSpec.swift in Sources */,
				73552BE61C2990A5003B7389 /* ActionTypeSpec.swift in Sources */,
				73552BE71C2990A5003B7389 /* ApplyMiddlewaresSpec.swift in Sources */,
				73552BE81C2990A5003B7389 /* BindActionCreatorsSpec.swift in Sources */,
				73552BEA1C2990A5003B7389 /* Mocks.swift in Sources */,
			);
			runOnlyForDeploymentPostprocessing = 0;
		};
		73D842E51C24369900644EEC /* Sources */ = {
			isa = PBXSourcesBuildPhase;
			buildActionMask = 2147483647;
			files = (
				73D8434D1C243A8D00644EEC /* CreateStore.swift in Sources */,
				73D843521C243A8D00644EEC /* Disposable.swift in Sources */,
				73D843571C243A8D00644EEC /* StateStream.swift in Sources */,
				73D8435C1C243A8D00644EEC /* Store.swift in Sources */,
				73D8433E1C243A8D00644EEC /* ApplyMiddleware.swift in Sources */,
				73D843431C243A8D00644EEC /* BindActionCreators.swift in Sources */,
				73D843481C243A8D00644EEC /* Compose.swift in Sources */,
				73061FAC1C2BB644005FA55E /* MiddlewareApi.swift in Sources */,
				73D843391C243A8D00644EEC /* Action.swift in Sources */,
			);
			runOnlyForDeploymentPostprocessing = 0;
		};
		73D8430E1C24377F00644EEC /* Sources */ = {
			isa = PBXSourcesBuildPhase;
			buildActionMask = 2147483647;
			files = (
				73D8434C1C243A8D00644EEC /* CreateStore.swift in Sources */,
				73D843511C243A8D00644EEC /* Disposable.swift in Sources */,
				73D843561C243A8D00644EEC /* StateStream.swift in Sources */,
				73D8435B1C243A8D00644EEC /* Store.swift in Sources */,
				73D8433D1C243A8D00644EEC /* ApplyMiddleware.swift in Sources */,
				73D843421C243A8D00644EEC /* BindActionCreators.swift in Sources */,
				73D843471C243A8D00644EEC /* Compose.swift in Sources */,
				73061FAE1C2BB644005FA55E /* MiddlewareApi.swift in Sources */,
				73D843381C243A8D00644EEC /* Action.swift in Sources */,
			);
			runOnlyForDeploymentPostprocessing = 0;
		};
		73D843641C243C8800644EEC /* Sources */ = {
			isa = PBXSourcesBuildPhase;
			buildActionMask = 2147483647;
			files = (
				73D843751C243CCE00644EEC /* BindActionCreatorsSpec.swift in Sources */,
				73D843741C243CCE00644EEC /* ApplyMiddlewaresSpec.swift in Sources */,
				73D843761C243CCE00644EEC /* CreateStoreSpec.swift in Sources */,
				73D843731C243CCE00644EEC /* ActionTypeSpec.swift in Sources */,
				73D843771C243CCE00644EEC /* Mocks.swift in Sources */,
			);
			runOnlyForDeploymentPostprocessing = 0;
		};
		BCE259491BE912AE00424F65 /* Sources */ = {
			isa = PBXSourcesBuildPhase;
			buildActionMask = 2147483647;
			files = (
				73D843361C243A8D00644EEC /* Action.swift in Sources */,
				73D8434A1C243A8D00644EEC /* CreateStore.swift in Sources */,
				73D843591C243A8D00644EEC /* Store.swift in Sources */,
				73D843401C243A8D00644EEC /* BindActionCreators.swift in Sources */,
				73D843541C243A8D00644EEC /* StateStream.swift in Sources */,
				73D8434F1C243A8D00644EEC /* Disposable.swift in Sources */,
				73D8433B1C243A8D00644EEC /* ApplyMiddleware.swift in Sources */,
				73061FAB1C2BB644005FA55E /* MiddlewareApi.swift in Sources */,
				73D843451C243A8D00644EEC /* Compose.swift in Sources */,
			);
			runOnlyForDeploymentPostprocessing = 0;
		};
		BCE259541BE912AF00424F65 /* Sources */ = {
			isa = PBXSourcesBuildPhase;
			buildActionMask = 2147483647;
			files = (
				73D843271C24399200644EEC /* CreateStoreSpec.swift in Sources */,
				73D843231C24399200644EEC /* ApplyMiddlewaresSpec.swift in Sources */,
				73D843291C24399200644EEC /* Mocks.swift in Sources */,
				73D843251C24399200644EEC /* BindActionCreatorsSpec.swift in Sources */,
				73D843211C24399200644EEC /* ActionTypeSpec.swift in Sources */,
			);
			runOnlyForDeploymentPostprocessing = 0;
		};
/* End PBXSourcesBuildPhase section */

/* Begin PBXTargetDependency section */
		73552BDA1C298D87003B7389 /* PBXTargetDependency */ = {
			isa = PBXTargetDependency;
			target = 73552BCD1C298D87003B7389 /* ReduxKit-tvOS */;
			targetProxy = 73552BD91C298D87003B7389 /* PBXContainerItemProxy */;
		};
		73D8436F1C243C8800644EEC /* PBXTargetDependency */ = {
			isa = PBXTargetDependency;
			target = 73D842E91C24369900644EEC /* ReduxKit-Mac */;
			targetProxy = 73D8436E1C243C8800644EEC /* PBXContainerItemProxy */;
		};
		BCE2595B1BE912AF00424F65 /* PBXTargetDependency */ = {
			isa = PBXTargetDependency;
			target = BCE2594D1BE912AE00424F65 /* ReduxKit-iOS */;
			targetProxy = BCE2595A1BE912AF00424F65 /* PBXContainerItemProxy */;
		};
/* End PBXTargetDependency section */

/* Begin XCBuildConfiguration section */
		73552BE01C298D87003B7389 /* Debug */ = {
			isa = XCBuildConfiguration;
			buildSettings = {
				CLANG_ENABLE_MODULES = YES;
				DEFINES_MODULE = YES;
				DYLIB_COMPATIBILITY_VERSION = 1;
				DYLIB_CURRENT_VERSION = 1;
				DYLIB_INSTALL_NAME_BASE = "@rpath";
				INFOPLIST_FILE = ReduxKit/Info.plist;
				INSTALL_PATH = "$(LOCAL_LIBRARY_DIR)/Frameworks";
				LD_RUNPATH_SEARCH_PATHS = "$(inherited) @executable_path/Frameworks @loader_path/Frameworks";
				PRODUCT_BUNDLE_IDENTIFIER = ReduxKit.ReduxKit;
				SDKROOT = appletvos;
				SKIP_INSTALL = YES;
				SWIFT_OPTIMIZATION_LEVEL = "-Onone";
				TARGETED_DEVICE_FAMILY = 3;
			};
			name = Debug;
		};
		73552BE11C298D87003B7389 /* Release */ = {
			isa = XCBuildConfiguration;
			buildSettings = {
				CLANG_ENABLE_MODULES = YES;
				DEFINES_MODULE = YES;
				DYLIB_COMPATIBILITY_VERSION = 1;
				DYLIB_CURRENT_VERSION = 1;
				DYLIB_INSTALL_NAME_BASE = "@rpath";
				INFOPLIST_FILE = ReduxKit/Info.plist;
				INSTALL_PATH = "$(LOCAL_LIBRARY_DIR)/Frameworks";
				LD_RUNPATH_SEARCH_PATHS = "$(inherited) @executable_path/Frameworks @loader_path/Frameworks";
				PRODUCT_BUNDLE_IDENTIFIER = ReduxKit.ReduxKit;
				SDKROOT = appletvos;
				SKIP_INSTALL = YES;
				TARGETED_DEVICE_FAMILY = 3;
			};
			name = Release;
		};
		73552BE31C298D87003B7389 /* Debug */ = {
			isa = XCBuildConfiguration;
			buildSettings = {
				FRAMEWORK_SEARCH_PATHS = (
					"$(inherited)",
					"$(PROJECT_DIR)/Carthage/Build/tvOS",
				);
				INFOPLIST_FILE = ReduxKitTests/Info.plist;
				LD_RUNPATH_SEARCH_PATHS = "$(inherited) @executable_path/Frameworks @loader_path/Frameworks";
				PRODUCT_BUNDLE_IDENTIFIER = ReduxKit.ReduxKitTests;
				PRODUCT_NAME = "$(TARGET_NAME)";
				SDKROOT = appletvos;
			};
			name = Debug;
		};
		73552BE41C298D87003B7389 /* Release */ = {
			isa = XCBuildConfiguration;
			buildSettings = {
				FRAMEWORK_SEARCH_PATHS = (
					"$(inherited)",
					"$(PROJECT_DIR)/Carthage/Build/tvOS",
				);
				INFOPLIST_FILE = ReduxKitTests/Info.plist;
				LD_RUNPATH_SEARCH_PATHS = "$(inherited) @executable_path/Frameworks @loader_path/Frameworks";
				PRODUCT_BUNDLE_IDENTIFIER = ReduxKit.ReduxKitTests;
				PRODUCT_NAME = "$(TARGET_NAME)";
				SDKROOT = appletvos;
			};
			name = Release;
		};
		73D842FC1C24369900644EEC /* Debug */ = {
			isa = XCBuildConfiguration;
			buildSettings = {
				CLANG_ENABLE_MODULES = YES;
				CODE_SIGN_IDENTITY = "-";
				COMBINE_HIDPI_IMAGES = YES;
				DEFINES_MODULE = YES;
				DYLIB_COMPATIBILITY_VERSION = 1;
				DYLIB_CURRENT_VERSION = 1;
				DYLIB_INSTALL_NAME_BASE = "@rpath";
				FRAMEWORK_SEARCH_PATHS = (
					"$(inherited)",
					"$(PROJECT_DIR)/Carthage/Build/Mac",
				);
				FRAMEWORK_VERSION = A;
				INFOPLIST_FILE = "$(SRCROOT)/ReduxKit/Info.plist";
				INSTALL_PATH = "$(LOCAL_LIBRARY_DIR)/Frameworks";
				LD_RUNPATH_SEARCH_PATHS = "$(inherited) @executable_path/../Frameworks @loader_path/Frameworks";
				SDKROOT = macosx;
				SKIP_INSTALL = YES;
				SWIFT_OPTIMIZATION_LEVEL = "-Onone";
			};
			name = Debug;
		};
		73D842FD1C24369900644EEC /* Release */ = {
			isa = XCBuildConfiguration;
			buildSettings = {
				CLANG_ENABLE_MODULES = YES;
				CODE_SIGN_IDENTITY = "-";
				COMBINE_HIDPI_IMAGES = YES;
				DEFINES_MODULE = YES;
				DYLIB_COMPATIBILITY_VERSION = 1;
				DYLIB_CURRENT_VERSION = 1;
				DYLIB_INSTALL_NAME_BASE = "@rpath";
				FRAMEWORK_SEARCH_PATHS = (
					"$(inherited)",
					"$(PROJECT_DIR)/Carthage/Build/Mac",
				);
				FRAMEWORK_VERSION = A;
				INFOPLIST_FILE = "$(SRCROOT)/ReduxKit/Info.plist";
				INSTALL_PATH = "$(LOCAL_LIBRARY_DIR)/Frameworks";
				LD_RUNPATH_SEARCH_PATHS = "$(inherited) @executable_path/../Frameworks @loader_path/Frameworks";
				SDKROOT = macosx;
				SKIP_INSTALL = YES;
			};
			name = Release;
		};
		73D843191C24377F00644EEC /* Debug */ = {
			isa = XCBuildConfiguration;
			buildSettings = {
				APPLICATION_EXTENSION_API_ONLY = YES;
				CLANG_ENABLE_MODULES = YES;
				DEFINES_MODULE = YES;
				DYLIB_COMPATIBILITY_VERSION = 1;
				DYLIB_CURRENT_VERSION = 1;
				DYLIB_INSTALL_NAME_BASE = "@rpath";
				INFOPLIST_FILE = "$(SRCROOT)/ReduxKit/Info.plist";
				INSTALL_PATH = "$(LOCAL_LIBRARY_DIR)/Frameworks";
				LD_RUNPATH_SEARCH_PATHS = "$(inherited) @executable_path/Frameworks @loader_path/Frameworks";
				SDKROOT = watchos;
				SKIP_INSTALL = YES;
				SWIFT_OPTIMIZATION_LEVEL = "-Onone";
				TARGETED_DEVICE_FAMILY = 4;
			};
			name = Debug;
		};
		73D8431A1C24377F00644EEC /* Release */ = {
			isa = XCBuildConfiguration;
			buildSettings = {
				APPLICATION_EXTENSION_API_ONLY = YES;
				CLANG_ENABLE_MODULES = YES;
				DEFINES_MODULE = YES;
				DYLIB_COMPATIBILITY_VERSION = 1;
				DYLIB_CURRENT_VERSION = 1;
				DYLIB_INSTALL_NAME_BASE = "@rpath";
				INFOPLIST_FILE = "$(SRCROOT)/ReduxKit/Info.plist";
				INSTALL_PATH = "$(LOCAL_LIBRARY_DIR)/Frameworks";
				LD_RUNPATH_SEARCH_PATHS = "$(inherited) @executable_path/Frameworks @loader_path/Frameworks";
				SDKROOT = watchos;
				SKIP_INSTALL = YES;
				TARGETED_DEVICE_FAMILY = 4;
			};
			name = Release;
		};
		73D843711C243C8800644EEC /* Debug */ = {
			isa = XCBuildConfiguration;
			buildSettings = {
				CODE_SIGN_IDENTITY = "-";
				COMBINE_HIDPI_IMAGES = YES;
				FRAMEWORK_SEARCH_PATHS = (
					"$(inherited)",
					"$(PROJECT_DIR)/Carthage/Build/Mac",
				);
				INFOPLIST_FILE = ReduxKitTests/Info.plist;
				LD_RUNPATH_SEARCH_PATHS = "$(inherited) @executable_path/../Frameworks @loader_path/../Frameworks";
				MACOSX_DEPLOYMENT_TARGET = 10.11;
				PRODUCT_BUNDLE_IDENTIFIER = ReduxKit.ReduxKitTests;
				PRODUCT_NAME = ReduxKitTests;
				SDKROOT = macosx;
			};
			name = Debug;
		};
		73D843721C243C8800644EEC /* Release */ = {
			isa = XCBuildConfiguration;
			buildSettings = {
				CODE_SIGN_IDENTITY = "-";
				COMBINE_HIDPI_IMAGES = YES;
				FRAMEWORK_SEARCH_PATHS = (
					"$(inherited)",
					"$(PROJECT_DIR)/Carthage/Build/Mac",
				);
				INFOPLIST_FILE = ReduxKitTests/Info.plist;
				LD_RUNPATH_SEARCH_PATHS = "$(inherited) @executable_path/../Frameworks @loader_path/../Frameworks";
				MACOSX_DEPLOYMENT_TARGET = 10.11;
				PRODUCT_BUNDLE_IDENTIFIER = ReduxKit.ReduxKitTests;
				PRODUCT_NAME = ReduxKitTests;
				SDKROOT = macosx;
			};
			name = Release;
		};
		BCE259601BE912AF00424F65 /* Debug */ = {
			isa = XCBuildConfiguration;
			buildSettings = {
				ALWAYS_SEARCH_USER_PATHS = NO;
				CLANG_CXX_LANGUAGE_STANDARD = "gnu++0x";
				CLANG_CXX_LIBRARY = "libc++";
				CLANG_ENABLE_MODULES = YES;
				CLANG_ENABLE_OBJC_ARC = YES;
				CLANG_WARN_BOOL_CONVERSION = YES;
				CLANG_WARN_CONSTANT_CONVERSION = YES;
				CLANG_WARN_DIRECT_OBJC_ISA_USAGE = YES_ERROR;
				CLANG_WARN_EMPTY_BODY = YES;
				CLANG_WARN_ENUM_CONVERSION = YES;
				CLANG_WARN_INT_CONVERSION = YES;
				CLANG_WARN_OBJC_ROOT_CLASS = YES_ERROR;
				CLANG_WARN_UNREACHABLE_CODE = YES;
				CLANG_WARN__DUPLICATE_METHOD_MATCH = YES;
				"CODE_SIGN_IDENTITY[sdk=iphoneos*]" = "iPhone Developer";
				COPY_PHASE_STRIP = NO;
				CURRENT_PROJECT_VERSION = 1;
				DEBUG_INFORMATION_FORMAT = dwarf;
				EMBEDDED_CONTENT_CONTAINS_SWIFT = YES;
				ENABLE_STRICT_OBJC_MSGSEND = YES;
				ENABLE_TESTABILITY = YES;
				GCC_C_LANGUAGE_STANDARD = gnu99;
				GCC_DYNAMIC_NO_PIC = NO;
				GCC_NO_COMMON_BLOCKS = YES;
				GCC_OPTIMIZATION_LEVEL = 0;
				GCC_PREPROCESSOR_DEFINITIONS = (
					"DEBUG=1",
					"$(inherited)",
				);
				GCC_WARN_64_TO_32_BIT_CONVERSION = YES;
				GCC_WARN_ABOUT_RETURN_TYPE = YES_ERROR;
				GCC_WARN_UNDECLARED_SELECTOR = YES;
				GCC_WARN_UNINITIALIZED_AUTOS = YES_AGGRESSIVE;
				GCC_WARN_UNUSED_FUNCTION = YES;
				GCC_WARN_UNUSED_VARIABLE = YES;
				IPHONEOS_DEPLOYMENT_TARGET = 8.0;
				MACOSX_DEPLOYMENT_TARGET = 10.10;
				MTL_ENABLE_DEBUG_INFO = YES;
				ONLY_ACTIVE_ARCH = YES;
				PRODUCT_BUNDLE_IDENTIFIER = ReduxKit.ReduxKit;
				PRODUCT_NAME = ReduxKit;
				SDKROOT = iphoneos;
				SWIFT_OPTIMIZATION_LEVEL = "-Onone";
				TARGETED_DEVICE_FAMILY = "1,2";
				TVOS_DEPLOYMENT_TARGET = 9.0;
				VERSIONING_SYSTEM = "apple-generic";
				VERSION_INFO_PREFIX = "";
				WATCHOS_DEPLOYMENT_TARGET = 2.0;
			};
			name = Debug;
		};
		BCE259611BE912AF00424F65 /* Release */ = {
			isa = XCBuildConfiguration;
			buildSettings = {
				ALWAYS_SEARCH_USER_PATHS = NO;
				CLANG_CXX_LANGUAGE_STANDARD = "gnu++0x";
				CLANG_CXX_LIBRARY = "libc++";
				CLANG_ENABLE_MODULES = YES;
				CLANG_ENABLE_OBJC_ARC = YES;
				CLANG_WARN_BOOL_CONVERSION = YES;
				CLANG_WARN_CONSTANT_CONVERSION = YES;
				CLANG_WARN_DIRECT_OBJC_ISA_USAGE = YES_ERROR;
				CLANG_WARN_EMPTY_BODY = YES;
				CLANG_WARN_ENUM_CONVERSION = YES;
				CLANG_WARN_INT_CONVERSION = YES;
				CLANG_WARN_OBJC_ROOT_CLASS = YES_ERROR;
				CLANG_WARN_UNREACHABLE_CODE = YES;
				CLANG_WARN__DUPLICATE_METHOD_MATCH = YES;
				"CODE_SIGN_IDENTITY[sdk=iphoneos*]" = "iPhone Developer";
				COPY_PHASE_STRIP = NO;
				CURRENT_PROJECT_VERSION = 1;
				DEBUG_INFORMATION_FORMAT = "dwarf-with-dsym";
				EMBEDDED_CONTENT_CONTAINS_SWIFT = YES;
				ENABLE_NS_ASSERTIONS = NO;
				ENABLE_STRICT_OBJC_MSGSEND = YES;
				GCC_C_LANGUAGE_STANDARD = gnu99;
				GCC_NO_COMMON_BLOCKS = YES;
				GCC_WARN_64_TO_32_BIT_CONVERSION = YES;
				GCC_WARN_ABOUT_RETURN_TYPE = YES_ERROR;
				GCC_WARN_UNDECLARED_SELECTOR = YES;
				GCC_WARN_UNINITIALIZED_AUTOS = YES_AGGRESSIVE;
				GCC_WARN_UNUSED_FUNCTION = YES;
				GCC_WARN_UNUSED_VARIABLE = YES;
				IPHONEOS_DEPLOYMENT_TARGET = 8.0;
				MACOSX_DEPLOYMENT_TARGET = 10.10;
				MTL_ENABLE_DEBUG_INFO = NO;
				PRODUCT_BUNDLE_IDENTIFIER = ReduxKit.ReduxKit;
				PRODUCT_NAME = ReduxKit;
				SDKROOT = iphoneos;
				TARGETED_DEVICE_FAMILY = "1,2";
				TVOS_DEPLOYMENT_TARGET = 9.0;
				VALIDATE_PRODUCT = YES;
				VERSIONING_SYSTEM = "apple-generic";
				VERSION_INFO_PREFIX = "";
				WATCHOS_DEPLOYMENT_TARGET = 2.0;
			};
			name = Release;
		};
		BCE259631BE912AF00424F65 /* Debug */ = {
			isa = XCBuildConfiguration;
			buildSettings = {
				CLANG_ENABLE_MODULES = YES;
				DEFINES_MODULE = YES;
				DYLIB_COMPATIBILITY_VERSION = 1;
				DYLIB_CURRENT_VERSION = 1;
				DYLIB_INSTALL_NAME_BASE = "@rpath";
				FRAMEWORK_SEARCH_PATHS = (
					"$(inherited)",
					"$(PROJECT_DIR)/Carthage/Build/iOS",
				);
				INFOPLIST_FILE = "$(SRCROOT)/ReduxKit/Info.plist";
				INSTALL_PATH = "$(LOCAL_LIBRARY_DIR)/Frameworks";
				LD_RUNPATH_SEARCH_PATHS = "$(inherited) @executable_path/Frameworks @loader_path/Frameworks";
				SKIP_INSTALL = YES;
				SWIFT_OPTIMIZATION_LEVEL = "-Onone";
			};
			name = Debug;
		};
		BCE259641BE912AF00424F65 /* Release */ = {
			isa = XCBuildConfiguration;
			buildSettings = {
				CLANG_ENABLE_MODULES = YES;
				DEFINES_MODULE = YES;
				DYLIB_COMPATIBILITY_VERSION = 1;
				DYLIB_CURRENT_VERSION = 1;
				DYLIB_INSTALL_NAME_BASE = "@rpath";
				FRAMEWORK_SEARCH_PATHS = (
					"$(inherited)",
					"$(PROJECT_DIR)/Carthage/Build/iOS",
				);
				INFOPLIST_FILE = "$(SRCROOT)/ReduxKit/Info.plist";
				INSTALL_PATH = "$(LOCAL_LIBRARY_DIR)/Frameworks";
				LD_RUNPATH_SEARCH_PATHS = "$(inherited) @executable_path/Frameworks @loader_path/Frameworks";
				SKIP_INSTALL = YES;
			};
			name = Release;
		};
		BCE259661BE912AF00424F65 /* Debug */ = {
			isa = XCBuildConfiguration;
			buildSettings = {
				FRAMEWORK_SEARCH_PATHS = (
					"$(inherited)",
					"$(PROJECT_DIR)/Carthage/Build/iOS",
				);
				INFOPLIST_FILE = ReduxKitTests/Info.plist;
				LD_RUNPATH_SEARCH_PATHS = "$(inherited) @executable_path/Frameworks @loader_path/Frameworks";
				PRODUCT_BUNDLE_IDENTIFIER = ReduxKit.ReduxKitTests;
				PRODUCT_NAME = ReduxKitTests;
			};
			name = Debug;
		};
		BCE259671BE912AF00424F65 /* Release */ = {
			isa = XCBuildConfiguration;
			buildSettings = {
				FRAMEWORK_SEARCH_PATHS = (
					"$(inherited)",
					"$(PROJECT_DIR)/Carthage/Build/iOS",
				);
				INFOPLIST_FILE = ReduxKitTests/Info.plist;
				LD_RUNPATH_SEARCH_PATHS = "$(inherited) @executable_path/Frameworks @loader_path/Frameworks";
				PRODUCT_BUNDLE_IDENTIFIER = ReduxKit.ReduxKitTests;
				PRODUCT_NAME = ReduxKitTests;
			};
			name = Release;
		};
/* End XCBuildConfiguration section */

/* Begin XCConfigurationList section */
		73552BDF1C298D87003B7389 /* Build configuration list for PBXNativeTarget "ReduxKit-tvOS" */ = {
			isa = XCConfigurationList;
			buildConfigurations = (
				73552BE01C298D87003B7389 /* Debug */,
				73552BE11C298D87003B7389 /* Release */,
			);
			defaultConfigurationIsVisible = 0;
			defaultConfigurationName = Release;
		};
		73552BE21C298D87003B7389 /* Build configuration list for PBXNativeTarget "ReduxKit-tvOSTests" */ = {
			isa = XCConfigurationList;
			buildConfigurations = (
				73552BE31C298D87003B7389 /* Debug */,
				73552BE41C298D87003B7389 /* Release */,
			);
			defaultConfigurationIsVisible = 0;
			defaultConfigurationName = Release;
		};
		73D842FB1C24369900644EEC /* Build configuration list for PBXNativeTarget "ReduxKit-Mac" */ = {
			isa = XCConfigurationList;
			buildConfigurations = (
				73D842FC1C24369900644EEC /* Debug */,
				73D842FD1C24369900644EEC /* Release */,
			);
			defaultConfigurationIsVisible = 0;
			defaultConfigurationName = Release;
		};
		73D843181C24377F00644EEC /* Build configuration list for PBXNativeTarget "ReduxKit-watchOS" */ = {
			isa = XCConfigurationList;
			buildConfigurations = (
				73D843191C24377F00644EEC /* Debug */,
				73D8431A1C24377F00644EEC /* Release */,
			);
			defaultConfigurationIsVisible = 0;
			defaultConfigurationName = Release;
		};
		73D843701C243C8800644EEC /* Build configuration list for PBXNativeTarget "ReduxKit-MacTests" */ = {
			isa = XCConfigurationList;
			buildConfigurations = (
				73D843711C243C8800644EEC /* Debug */,
				73D843721C243C8800644EEC /* Release */,
			);
			defaultConfigurationIsVisible = 0;
			defaultConfigurationName = Release;
		};
		BCE259481BE912AE00424F65 /* Build configuration list for PBXProject "ReduxKit" */ = {
			isa = XCConfigurationList;
			buildConfigurations = (
				BCE259601BE912AF00424F65 /* Debug */,
				BCE259611BE912AF00424F65 /* Release */,
			);
			defaultConfigurationIsVisible = 0;
			defaultConfigurationName = Release;
		};
		BCE259621BE912AF00424F65 /* Build configuration list for PBXNativeTarget "ReduxKit-iOS" */ = {
			isa = XCConfigurationList;
			buildConfigurations = (
				BCE259631BE912AF00424F65 /* Debug */,
				BCE259641BE912AF00424F65 /* Release */,
			);
			defaultConfigurationIsVisible = 0;
			defaultConfigurationName = Release;
		};
		BCE259651BE912AF00424F65 /* Build configuration list for PBXNativeTarget "ReduxKit-iOSTests" */ = {
			isa = XCConfigurationList;
			buildConfigurations = (
				BCE259661BE912AF00424F65 /* Debug */,
				BCE259671BE912AF00424F65 /* Release */,
			);
			defaultConfigurationIsVisible = 0;
			defaultConfigurationName = Release;
		};
/* End XCConfigurationList section */
	};
	rootObject = BCE259451BE912AE00424F65 /* Project object */;
}
